// !$*UTF8*$!
{
	archiveVersion = 1;
	classes = {
	};
	objectVersion = 50;
	objects = {

/* Begin PBXBuildFile section */
		C9364A2B2535B13F00DCDD2E /* AppDelegate.swift in Sources */ = {isa = PBXBuildFile; fileRef = C9364A2A2535B13F00DCDD2E /* AppDelegate.swift */; };
		C9364A2D2535B13F00DCDD2E /* SceneDelegate.swift in Sources */ = {isa = PBXBuildFile; fileRef = C9364A2C2535B13F00DCDD2E /* SceneDelegate.swift */; };
		C9364A2F2535B13F00DCDD2E /* ViewController.swift in Sources */ = {isa = PBXBuildFile; fileRef = C9364A2E2535B13F00DCDD2E /* ViewController.swift */; };
		C9364A322535B13F00DCDD2E /* Main.storyboard in Resources */ = {isa = PBXBuildFile; fileRef = C9364A302535B13F00DCDD2E /* Main.storyboard */; };
		C9364A342535B14000DCDD2E /* Assets.xcassets in Resources */ = {isa = PBXBuildFile; fileRef = C9364A332535B14000DCDD2E /* Assets.xcassets */; };
		C9364A372535B14000DCDD2E /* LaunchScreen.storyboard in Resources */ = {isa = PBXBuildFile; fileRef = C9364A352535B14000DCDD2E /* LaunchScreen.storyboard */; };
		C9364A412535B15800DCDD2E /* UserDefaults+.swift in Sources */ = {isa = PBXBuildFile; fileRef = C9364A3F2535B15800DCDD2E /* UserDefaults+.swift */; };
		C9364A422535B15800DCDD2E /* Profile.swift in Sources */ = {isa = PBXBuildFile; fileRef = C9364A402535B15800DCDD2E /* Profile.swift */; };
		C9364A4B2535B17E00DCDD2E /* Messages.framework in Frameworks */ = {isa = PBXBuildFile; fileRef = C9364A4A2535B17E00DCDD2E /* Messages.framework */; };
		C9364A4E2535B17E00DCDD2E /* MessagesViewController.swift in Sources */ = {isa = PBXBuildFile; fileRef = C9364A4D2535B17E00DCDD2E /* MessagesViewController.swift */; };
		C9364A512535B17E00DCDD2E /* MainInterface.storyboard in Resources */ = {isa = PBXBuildFile; fileRef = C9364A4F2535B17E00DCDD2E /* MainInterface.storyboard */; };
		C9364A532535B17F00DCDD2E /* Assets.xcassets in Resources */ = {isa = PBXBuildFile; fileRef = C9364A522535B17F00DCDD2E /* Assets.xcassets */; };
		C9364A572535B17F00DCDD2E /* Extension.appex in Embed App Extensions */ = {isa = PBXBuildFile; fileRef = C9364A482535B17E00DCDD2E /* Extension.appex */; settings = {ATTRIBUTES = (RemoveHeadersOnCopy, ); }; };
		C9364A5E2535B18B00DCDD2E /* Profile.swift in Sources */ = {isa = PBXBuildFile; fileRef = C9364A402535B15800DCDD2E /* Profile.swift */; };
		C9364A612535B19000DCDD2E /* UserDefaults+.swift in Sources */ = {isa = PBXBuildFile; fileRef = C9364A3F2535B15800DCDD2E /* UserDefaults+.swift */; };
/* End PBXBuildFile section */

/* Begin PBXContainerItemProxy section */
		C9364A552535B17F00DCDD2E /* PBXContainerItemProxy */ = {
			isa = PBXContainerItemProxy;
			containerPortal = C9364A1F2535B13F00DCDD2E /* Project object */;
			proxyType = 1;
			remoteGlobalIDString = C9364A472535B17E00DCDD2E;
			remoteInfo = Extension;
		};
/* End PBXContainerItemProxy section */

/* Begin PBXCopyFilesBuildPhase section */
		C9364A5B2535B17F00DCDD2E /* Embed App Extensions */ = {
			isa = PBXCopyFilesBuildPhase;
			buildActionMask = 2147483647;
			dstPath = "";
			dstSubfolderSpec = 13;
			files = (
				C9364A572535B17F00DCDD2E /* Extension.appex in Embed App Extensions */,
			);
			name = "Embed App Extensions";
			runOnlyForDeploymentPostprocessing = 0;
		};
/* End PBXCopyFilesBuildPhase section */

/* Begin PBXFileReference section */
		C9364A272535B13F00DCDD2E /* UserDefaultsUIKit.app */ = {isa = PBXFileReference; explicitFileType = wrapper.application; includeInIndex = 0; path = UserDefaultsUIKit.app; sourceTree = BUILT_PRODUCTS_DIR; };
		C9364A2A2535B13F00DCDD2E /* AppDelegate.swift */ = {isa = PBXFileReference; lastKnownFileType = sourcecode.swift; path = AppDelegate.swift; sourceTree = "<group>"; };
		C9364A2C2535B13F00DCDD2E /* SceneDelegate.swift */ = {isa = PBXFileReference; lastKnownFileType = sourcecode.swift; path = SceneDelegate.swift; sourceTree = "<group>"; };
		C9364A2E2535B13F00DCDD2E /* ViewController.swift */ = {isa = PBXFileReference; lastKnownFileType = sourcecode.swift; path = ViewController.swift; sourceTree = "<group>"; };
		C9364A312535B13F00DCDD2E /* Base */ = {isa = PBXFileReference; lastKnownFileType = file.storyboard; name = Base; path = Base.lproj/Main.storyboard; sourceTree = "<group>"; };
		C9364A332535B14000DCDD2E /* Assets.xcassets */ = {isa = PBXFileReference; lastKnownFileType = folder.assetcatalog; path = Assets.xcassets; sourceTree = "<group>"; };
		C9364A362535B14000DCDD2E /* Base */ = {isa = PBXFileReference; lastKnownFileType = file.storyboard; name = Base; path = Base.lproj/LaunchScreen.storyboard; sourceTree = "<group>"; };
		C9364A382535B14000DCDD2E /* Info.plist */ = {isa = PBXFileReference; lastKnownFileType = text.plist.xml; path = Info.plist; sourceTree = "<group>"; };
		C9364A3F2535B15800DCDD2E /* UserDefaults+.swift */ = {isa = PBXFileReference; fileEncoding = 4; lastKnownFileType = sourcecode.swift; path = "UserDefaults+.swift"; sourceTree = "<group>"; };
		C9364A402535B15800DCDD2E /* Profile.swift */ = {isa = PBXFileReference; fileEncoding = 4; lastKnownFileType = sourcecode.swift; path = Profile.swift; sourceTree = "<group>"; };
		C9364A482535B17E00DCDD2E /* Extension.appex */ = {isa = PBXFileReference; explicitFileType = "wrapper.app-extension"; includeInIndex = 0; path = Extension.appex; sourceTree = BUILT_PRODUCTS_DIR; };
		C9364A4A2535B17E00DCDD2E /* Messages.framework */ = {isa = PBXFileReference; lastKnownFileType = wrapper.framework; name = Messages.framework; path = System/Library/Frameworks/Messages.framework; sourceTree = SDKROOT; };
		C9364A4D2535B17E00DCDD2E /* MessagesViewController.swift */ = {isa = PBXFileReference; lastKnownFileType = sourcecode.swift; path = MessagesViewController.swift; sourceTree = "<group>"; };
		C9364A502535B17E00DCDD2E /* Base */ = {isa = PBXFileReference; lastKnownFileType = file.storyboard; name = Base; path = Base.lproj/MainInterface.storyboard; sourceTree = "<group>"; };
		C9364A522535B17F00DCDD2E /* Assets.xcassets */ = {isa = PBXFileReference; lastKnownFileType = folder.assetcatalog; path = Assets.xcassets; sourceTree = "<group>"; };
		C9364A542535B17F00DCDD2E /* Info.plist */ = {isa = PBXFileReference; lastKnownFileType = text.plist.xml; path = Info.plist; sourceTree = "<group>"; };
		C9364A642535B35400DCDD2E /* Extension.entitlements */ = {isa = PBXFileReference; lastKnownFileType = text.plist.entitlements; path = Extension.entitlements; sourceTree = "<group>"; };
		C9364A652535B37E00DCDD2E /* UserDefaultsUIKit.entitlements */ = {isa = PBXFileReference; lastKnownFileType = text.plist.entitlements; path = UserDefaultsUIKit.entitlements; sourceTree = "<group>"; };
/* End PBXFileReference section */

/* Begin PBXFrameworksBuildPhase section */
		C9364A242535B13F00DCDD2E /* Frameworks */ = {
			isa = PBXFrameworksBuildPhase;
			buildActionMask = 2147483647;
			files = (
			);
			runOnlyForDeploymentPostprocessing = 0;
		};
		C9364A452535B17E00DCDD2E /* Frameworks */ = {
			isa = PBXFrameworksBuildPhase;
			buildActionMask = 2147483647;
			files = (
				C9364A4B2535B17E00DCDD2E /* Messages.framework in Frameworks */,
			);
			runOnlyForDeploymentPostprocessing = 0;
		};
/* End PBXFrameworksBuildPhase section */

/* Begin PBXGroup section */
		C9364A1E2535B13F00DCDD2E = {
			isa = PBXGroup;
			children = (
				C9364A292535B13F00DCDD2E /* UserDefaultsUIKit */,
				C9364A4C2535B17E00DCDD2E /* Extension */,
				C9364A492535B17E00DCDD2E /* Frameworks */,
				C9364A282535B13F00DCDD2E /* Products */,
			);
			sourceTree = "<group>";
		};
		C9364A282535B13F00DCDD2E /* Products */ = {
			isa = PBXGroup;
			children = (
				C9364A272535B13F00DCDD2E /* UserDefaultsUIKit.app */,
				C9364A482535B17E00DCDD2E /* Extension.appex */,
			);
			name = Products;
			sourceTree = "<group>";
		};
		C9364A292535B13F00DCDD2E /* UserDefaultsUIKit */ = {
			isa = PBXGroup;
			children = (
				C9364A652535B37E00DCDD2E /* UserDefaultsUIKit.entitlements */,
				C9364A402535B15800DCDD2E /* Profile.swift */,
				C9364A3F2535B15800DCDD2E /* UserDefaults+.swift */,
				C9364A2A2535B13F00DCDD2E /* AppDelegate.swift */,
				C9364A2C2535B13F00DCDD2E /* SceneDelegate.swift */,
				C9364A2E2535B13F00DCDD2E /* ViewController.swift */,
				C9364A302535B13F00DCDD2E /* Main.storyboard */,
				C9364A332535B14000DCDD2E /* Assets.xcassets */,
				C9364A352535B14000DCDD2E /* LaunchScreen.storyboard */,
				C9364A382535B14000DCDD2E /* Info.plist */,
			);
			path = UserDefaultsUIKit;
			sourceTree = "<group>";
		};
		C9364A492535B17E00DCDD2E /* Frameworks */ = {
			isa = PBXGroup;
			children = (
				C9364A4A2535B17E00DCDD2E /* Messages.framework */,
			);
			name = Frameworks;
			sourceTree = "<group>";
		};
		C9364A4C2535B17E00DCDD2E /* Extension */ = {
			isa = PBXGroup;
			children = (
				C9364A642535B35400DCDD2E /* Extension.entitlements */,
				C9364A4D2535B17E00DCDD2E /* MessagesViewController.swift */,
				C9364A4F2535B17E00DCDD2E /* MainInterface.storyboard */,
				C9364A522535B17F00DCDD2E /* Assets.xcassets */,
				C9364A542535B17F00DCDD2E /* Info.plist */,
			);
			path = Extension;
			sourceTree = "<group>";
		};
/* End PBXGroup section */

/* Begin PBXNativeTarget section */
		C9364A262535B13F00DCDD2E /* UserDefaultsUIKit */ = {
			isa = PBXNativeTarget;
			buildConfigurationList = C9364A3B2535B14000DCDD2E /* Build configuration list for PBXNativeTarget "UserDefaultsUIKit" */;
			buildPhases = (
				C9364A232535B13F00DCDD2E /* Sources */,
				C9364A242535B13F00DCDD2E /* Frameworks */,
				C9364A252535B13F00DCDD2E /* Resources */,
				C9364A5B2535B17F00DCDD2E /* Embed App Extensions */,
			);
			buildRules = (
			);
			dependencies = (
				C9364A562535B17F00DCDD2E /* PBXTargetDependency */,
			);
			name = UserDefaultsUIKit;
			productName = UserDefaultsUIKit;
			productReference = C9364A272535B13F00DCDD2E /* UserDefaultsUIKit.app */;
			productType = "com.apple.product-type.application";
		};
		C9364A472535B17E00DCDD2E /* Extension */ = {
			isa = PBXNativeTarget;
			buildConfigurationList = C9364A582535B17F00DCDD2E /* Build configuration list for PBXNativeTarget "Extension" */;
			buildPhases = (
				C9364A442535B17E00DCDD2E /* Sources */,
				C9364A452535B17E00DCDD2E /* Frameworks */,
				C9364A462535B17E00DCDD2E /* Resources */,
			);
			buildRules = (
			);
			dependencies = (
			);
			name = Extension;
			productName = Extension;
			productReference = C9364A482535B17E00DCDD2E /* Extension.appex */;
			productType = "com.apple.product-type.app-extension.messages";
		};
/* End PBXNativeTarget section */

/* Begin PBXProject section */
		C9364A1F2535B13F00DCDD2E /* Project object */ = {
			isa = PBXProject;
			attributes = {
				LastSwiftUpdateCheck = 1200;
				LastUpgradeCheck = 1200;
				TargetAttributes = {
					C9364A262535B13F00DCDD2E = {
						CreatedOnToolsVersion = 12.0.1;
					};
					C9364A472535B17E00DCDD2E = {
						CreatedOnToolsVersion = 12.0.1;
					};
				};
			};
			buildConfigurationList = C9364A222535B13F00DCDD2E /* Build configuration list for PBXProject "UserDefaultsUIKit" */;
			compatibilityVersion = "Xcode 9.3";
			developmentRegion = en;
			hasScannedForEncodings = 0;
			knownRegions = (
				en,
				Base,
			);
			mainGroup = C9364A1E2535B13F00DCDD2E;
			productRefGroup = C9364A282535B13F00DCDD2E /* Products */;
			projectDirPath = "";
			projectRoot = "";
			targets = (
				C9364A262535B13F00DCDD2E /* UserDefaultsUIKit */,
				C9364A472535B17E00DCDD2E /* Extension */,
			);
		};
/* End PBXProject section */

/* Begin PBXResourcesBuildPhase section */
		C9364A252535B13F00DCDD2E /* Resources */ = {
			isa = PBXResourcesBuildPhase;
			buildActionMask = 2147483647;
			files = (
				C9364A372535B14000DCDD2E /* LaunchScreen.storyboard in Resources */,
				C9364A342535B14000DCDD2E /* Assets.xcassets in Resources */,
				C9364A322535B13F00DCDD2E /* Main.storyboard in Resources */,
			);
			runOnlyForDeploymentPostprocessing = 0;
		};
		C9364A462535B17E00DCDD2E /* Resources */ = {
			isa = PBXResourcesBuildPhase;
			buildActionMask = 2147483647;
			files = (
				C9364A532535B17F00DCDD2E /* Assets.xcassets in Resources */,
				C9364A512535B17E00DCDD2E /* MainInterface.storyboard in Resources */,
			);
			runOnlyForDeploymentPostprocessing = 0;
		};
/* End PBXResourcesBuildPhase section */

/* Begin PBXSourcesBuildPhase section */
		C9364A232535B13F00DCDD2E /* Sources */ = {
			isa = PBXSourcesBuildPhase;
			buildActionMask = 2147483647;
			files = (
				C9364A412535B15800DCDD2E /* UserDefaults+.swift in Sources */,
				C9364A422535B15800DCDD2E /* Profile.swift in Sources */,
				C9364A2F2535B13F00DCDD2E /* ViewController.swift in Sources */,
				C9364A2B2535B13F00DCDD2E /* AppDelegate.swift in Sources */,
				C9364A2D2535B13F00DCDD2E /* SceneDelegate.swift in Sources */,
			);
			runOnlyForDeploymentPostprocessing = 0;
		};
		C9364A442535B17E00DCDD2E /* Sources */ = {
			isa = PBXSourcesBuildPhase;
			buildActionMask = 2147483647;
			files = (
				C9364A4E2535B17E00DCDD2E /* MessagesViewController.swift in Sources */,
				C9364A612535B19000DCDD2E /* UserDefaults+.swift in Sources */,
				C9364A5E2535B18B00DCDD2E /* Profile.swift in Sources */,
			);
			runOnlyForDeploymentPostprocessing = 0;
		};
/* End PBXSourcesBuildPhase section */

/* Begin PBXTargetDependency section */
		C9364A562535B17F00DCDD2E /* PBXTargetDependency */ = {
			isa = PBXTargetDependency;
			target = C9364A472535B17E00DCDD2E /* Extension */;
			targetProxy = C9364A552535B17F00DCDD2E /* PBXContainerItemProxy */;
		};
/* End PBXTargetDependency section */

/* Begin PBXVariantGroup section */
		C9364A302535B13F00DCDD2E /* Main.storyboard */ = {
			isa = PBXVariantGroup;
			children = (
				C9364A312535B13F00DCDD2E /* Base */,
			);
			name = Main.storyboard;
			sourceTree = "<group>";
		};
		C9364A352535B14000DCDD2E /* LaunchScreen.storyboard */ = {
			isa = PBXVariantGroup;
			children = (
				C9364A362535B14000DCDD2E /* Base */,
			);
			name = LaunchScreen.storyboard;
			sourceTree = "<group>";
		};
		C9364A4F2535B17E00DCDD2E /* MainInterface.storyboard */ = {
			isa = PBXVariantGroup;
			children = (
				C9364A502535B17E00DCDD2E /* Base */,
			);
			name = MainInterface.storyboard;
			sourceTree = "<group>";
		};
/* End PBXVariantGroup section */

/* Begin XCBuildConfiguration section */
		C9364A392535B14000DCDD2E /* Debug */ = {
			isa = XCBuildConfiguration;
			buildSettings = {
				ALWAYS_SEARCH_USER_PATHS = NO;
				CLANG_ANALYZER_NONNULL = YES;
				CLANG_ANALYZER_NUMBER_OBJECT_CONVERSION = YES_AGGRESSIVE;
				CLANG_CXX_LANGUAGE_STANDARD = "gnu++14";
				CLANG_CXX_LIBRARY = "libc++";
				CLANG_ENABLE_MODULES = YES;
				CLANG_ENABLE_OBJC_ARC = YES;
				CLANG_ENABLE_OBJC_WEAK = YES;
				CLANG_WARN_BLOCK_CAPTURE_AUTORELEASING = YES;
				CLANG_WARN_BOOL_CONVERSION = YES;
				CLANG_WARN_COMMA = YES;
				CLANG_WARN_CONSTANT_CONVERSION = YES;
				CLANG_WARN_DEPRECATED_OBJC_IMPLEMENTATIONS = YES;
				CLANG_WARN_DIRECT_OBJC_ISA_USAGE = YES_ERROR;
				CLANG_WARN_DOCUMENTATION_COMMENTS = YES;
				CLANG_WARN_EMPTY_BODY = YES;
				CLANG_WARN_ENUM_CONVERSION = YES;
				CLANG_WARN_INFINITE_RECURSION = YES;
				CLANG_WARN_INT_CONVERSION = YES;
				CLANG_WARN_NON_LITERAL_NULL_CONVERSION = YES;
				CLANG_WARN_OBJC_IMPLICIT_RETAIN_SELF = YES;
				CLANG_WARN_OBJC_LITERAL_CONVERSION = YES;
				CLANG_WARN_OBJC_ROOT_CLASS = YES_ERROR;
				CLANG_WARN_QUOTED_INCLUDE_IN_FRAMEWORK_HEADER = YES;
				CLANG_WARN_RANGE_LOOP_ANALYSIS = YES;
				CLANG_WARN_STRICT_PROTOTYPES = YES;
				CLANG_WARN_SUSPICIOUS_MOVE = YES;
				CLANG_WARN_UNGUARDED_AVAILABILITY = YES_AGGRESSIVE;
				CLANG_WARN_UNREACHABLE_CODE = YES;
				CLANG_WARN__DUPLICATE_METHOD_MATCH = YES;
				COPY_PHASE_STRIP = NO;
				DEBUG_INFORMATION_FORMAT = dwarf;
				ENABLE_STRICT_OBJC_MSGSEND = YES;
				ENABLE_TESTABILITY = YES;
				GCC_C_LANGUAGE_STANDARD = gnu11;
				GCC_DYNAMIC_NO_PIC = NO;
				GCC_NO_COMMON_BLOCKS = YES;
				GCC_OPTIMIZATION_LEVEL = 0;
				GCC_PREPROCESSOR_DEFINITIONS = (
					"DEBUG=1",
					"$(inherited)",
				);
				GCC_WARN_64_TO_32_BIT_CONVERSION = YES;
				GCC_WARN_ABOUT_RETURN_TYPE = YES_ERROR;
				GCC_WARN_UNDECLARED_SELECTOR = YES;
				GCC_WARN_UNINITIALIZED_AUTOS = YES_AGGRESSIVE;
				GCC_WARN_UNUSED_FUNCTION = YES;
				GCC_WARN_UNUSED_VARIABLE = YES;
				IPHONEOS_DEPLOYMENT_TARGET = 14.0;
				MTL_ENABLE_DEBUG_INFO = INCLUDE_SOURCE;
				MTL_FAST_MATH = YES;
				ONLY_ACTIVE_ARCH = YES;
				SDKROOT = iphoneos;
				SWIFT_ACTIVE_COMPILATION_CONDITIONS = DEBUG;
				SWIFT_OPTIMIZATION_LEVEL = "-Onone";
			};
			name = Debug;
		};
		C9364A3A2535B14000DCDD2E /* Release */ = {
			isa = XCBuildConfiguration;
			buildSettings = {
				ALWAYS_SEARCH_USER_PATHS = NO;
				CLANG_ANALYZER_NONNULL = YES;
				CLANG_ANALYZER_NUMBER_OBJECT_CONVERSION = YES_AGGRESSIVE;
				CLANG_CXX_LANGUAGE_STANDARD = "gnu++14";
				CLANG_CXX_LIBRARY = "libc++";
				CLANG_ENABLE_MODULES = YES;
				CLANG_ENABLE_OBJC_ARC = YES;
				CLANG_ENABLE_OBJC_WEAK = YES;
				CLANG_WARN_BLOCK_CAPTURE_AUTORELEASING = YES;
				CLANG_WARN_BOOL_CONVERSION = YES;
				CLANG_WARN_COMMA = YES;
				CLANG_WARN_CONSTANT_CONVERSION = YES;
				CLANG_WARN_DEPRECATED_OBJC_IMPLEMENTATIONS = YES;
				CLANG_WARN_DIRECT_OBJC_ISA_USAGE = YES_ERROR;
				CLANG_WARN_DOCUMENTATION_COMMENTS = YES;
				CLANG_WARN_EMPTY_BODY = YES;
				CLANG_WARN_ENUM_CONVERSION = YES;
				CLANG_WARN_INFINITE_RECURSION = YES;
				CLANG_WARN_INT_CONVERSION = YES;
				CLANG_WARN_NON_LITERAL_NULL_CONVERSION = YES;
				CLANG_WARN_OBJC_IMPLICIT_RETAIN_SELF = YES;
				CLANG_WARN_OBJC_LITERAL_CONVERSION = YES;
				CLANG_WARN_OBJC_ROOT_CLASS = YES_ERROR;
				CLANG_WARN_QUOTED_INCLUDE_IN_FRAMEWORK_HEADER = YES;
				CLANG_WARN_RANGE_LOOP_ANALYSIS = YES;
				CLANG_WARN_STRICT_PROTOTYPES = YES;
				CLANG_WARN_SUSPICIOUS_MOVE = YES;
				CLANG_WARN_UNGUARDED_AVAILABILITY = YES_AGGRESSIVE;
				CLANG_WARN_UNREACHABLE_CODE = YES;
				CLANG_WARN__DUPLICATE_METHOD_MATCH = YES;
				COPY_PHASE_STRIP = NO;
				DEBUG_INFORMATION_FORMAT = "dwarf-with-dsym";
				ENABLE_NS_ASSERTIONS = NO;
				ENABLE_STRICT_OBJC_MSGSEND = YES;
				GCC_C_LANGUAGE_STANDARD = gnu11;
				GCC_NO_COMMON_BLOCKS = YES;
				GCC_WARN_64_TO_32_BIT_CONVERSION = YES;
				GCC_WARN_ABOUT_RETURN_TYPE = YES_ERROR;
				GCC_WARN_UNDECLARED_SELECTOR = YES;
				GCC_WARN_UNINITIALIZED_AUTOS = YES_AGGRESSIVE;
				GCC_WARN_UNUSED_FUNCTION = YES;
				GCC_WARN_UNUSED_VARIABLE = YES;
				IPHONEOS_DEPLOYMENT_TARGET = 14.0;
				MTL_ENABLE_DEBUG_INFO = NO;
				MTL_FAST_MATH = YES;
				SDKROOT = iphoneos;
				SWIFT_COMPILATION_MODE = wholemodule;
				SWIFT_OPTIMIZATION_LEVEL = "-O";
				VALIDATE_PRODUCT = YES;
			};
			name = Release;
		};
		C9364A3C2535B14000DCDD2E /* Debug */ = {
			isa = XCBuildConfiguration;
			buildSettings = {
				ALWAYS_EMBED_SWIFT_STANDARD_LIBRARIES = YES;
				ASSETCATALOG_COMPILER_APPICON_NAME = AppIcon;
				ASSETCATALOG_COMPILER_GLOBAL_ACCENT_COLOR_NAME = AccentColor;
				CODE_SIGN_ENTITLEMENTS = UserDefaultsUIKit/UserDefaultsUIKit.entitlements;
				CODE_SIGN_STYLE = Automatic;
				DEVELOPMENT_TEAM = R252PR8AVU;
				INFOPLIST_FILE = UserDefaultsUIKit/Info.plist;
				LD_RUNPATH_SEARCH_PATHS = (
					"$(inherited)",
					"@executable_path/Frameworks",
				);
				PRODUCT_BUNDLE_IDENTIFIER = com.rebeloper.UserDefaultsUIKit;
				PRODUCT_NAME = "$(TARGET_NAME)";
				SWIFT_VERSION = 5.0;
				TARGETED_DEVICE_FAMILY = "1,2";
			};
			name = Debug;
		};
		C9364A3D2535B14000DCDD2E /* Release */ = {
			isa = XCBuildConfiguration;
			buildSettings = {
				ALWAYS_EMBED_SWIFT_STANDARD_LIBRARIES = YES;
				ASSETCATALOG_COMPILER_APPICON_NAME = AppIcon;
				ASSETCATALOG_COMPILER_GLOBAL_ACCENT_COLOR_NAME = AccentColor;
				CODE_SIGN_ENTITLEMENTS = UserDefaultsUIKit/UserDefaultsUIKit.entitlements;
				CODE_SIGN_STYLE = Automatic;
				DEVELOPMENT_TEAM = R252PR8AVU;
				INFOPLIST_FILE = UserDefaultsUIKit/Info.plist;
				LD_RUNPATH_SEARCH_PATHS = (
					"$(inherited)",
					"@executable_path/Frameworks",
				);
				PRODUCT_BUNDLE_IDENTIFIER = com.rebeloper.UserDefaultsUIKit;
				PRODUCT_NAME = "$(TARGET_NAME)";
				SWIFT_VERSION = 5.0;
				TARGETED_DEVICE_FAMILY = "1,2";
			};
			name = Release;
		};
		C9364A592535B17F00DCDD2E /* Debug */ = {
			isa = XCBuildConfiguration;
			buildSettings = {
				ASSETCATALOG_COMPILER_APPICON_NAME = "iMessage App Icon";
				CODE_SIGN_ENTITLEMENTS = Extension/Extension.entitlements;
				CODE_SIGN_STYLE = Automatic;
				DEVELOPMENT_TEAM = R252PR8AVU;
				INFOPLIST_FILE = Extension/Info.plist;
				LD_RUNPATH_SEARCH_PATHS = (
					"$(inherited)",
					"@executable_path/Frameworks",
					"@executable_path/../../Frameworks",
				);
				PRODUCT_BUNDLE_IDENTIFIER = com.rebeloper.UserDefaultsUIKit.Extension;
				PRODUCT_NAME = "$(TARGET_NAME)";
				SKIP_INSTALL = YES;
				SWIFT_VERSION = 5.0;
				TARGETED_DEVICE_FAMILY = "1,2";
			};
			name = Debug;
		};
		C9364A5A2535B17F00DCDD2E /* Release */ = {
			isa = XCBuildConfiguration;
			buildSettings = {
				ASSETCATALOG_COMPILER_APPICON_NAME = "iMessage App Icon";
				CODE_SIGN_ENTITLEMENTS = Extension/Extension.entitlements;
				CODE_SIGN_STYLE = Automatic;
				DEVELOPMENT_TEAM = R252PR8AVU;
				INFOPLIST_FILE = Extension/Info.plist;
				LD_RUNPATH_SEARCH_PATHS = (
					"$(inherited)",
					"@executable_path/Frameworks",
					"@executable_path/../../Frameworks",
				);
				PRODUCT_BUNDLE_IDENTIFIER = com.rebeloper.UserDefaultsUIKit.Extension;
				PRODUCT_NAME = "$(TARGET_NAME)";
				SKIP_INSTALL = YES;
				SWIFT_VERSION = 5.0;
				TARGETED_DEVICE_FAMILY = "1,2";
			};
			name = Release;
		};
/* End XCBuildConfiguration section */

/* Begin XCConfigurationList section */
		C9364A222535B13F00DCDD2E /* Build configuration list for PBXProject "UserDefaultsUIKit" */ = {
			isa = XCConfigurationList;
			buildConfigurations = (
				C9364A392535B14000DCDD2E /* Debug */,
				C9364A3A2535B14000DCDD2E /* Release */,
			);
			defaultConfigurationIsVisible = 0;
			defaultConfigurationName = Release;
		};
		C9364A3B2535B14000DCDD2E /* Build configuration list for PBXNativeTarget "UserDefaultsUIKit" */ = {
			isa = XCConfigurationList;
			buildConfigurations = (
				C9364A3C2535B14000DCDD2E /* Debug */,
				C9364A3D2535B14000DCDD2E /* Release */,
			);
			defaultConfigurationIsVisible = 0;
			defaultConfigurationName = Release;
		};
		C9364A582535B17F00DCDD2E /* Build configuration list for PBXNativeTarget "Extension" */ = {
			isa = XCConfigurationList;
			buildConfigurations = (
				C9364A592535B17F00DCDD2E /* Debug */,
				C9364A5A2535B17F00DCDD2E /* Release */,
			);
			defaultConfigurationIsVisible = 0;
			defaultConfigurationName = Release;
		};
/* End XCConfigurationList section */
	};
	rootObject = C9364A1F2535B13F00DCDD2E /* Project object */;
}
